hash: 3655b2bf358a1df9c11a0b28c60bd3f9293d85bf5b143fd6b7aa0c6691d5df66
updated: 2017-11-10T09:12:04.026345-08:00
imports:
- name: github.com/Azure/azure-sdk-for-go
  version: 509eea43b93cec2f3f17acbe2578ef58703923f8
  subpackages:
  - arm/keyvault
  - arm/resources/resources
- name: github.com/Azure/go-autorest
  version: f6be1abbb5abd0517522f850dd785990d373da7e
  subpackages:
  - autorest/azure
  - autorest/to
  - autorest
  - autorest/date
  - autorest/validation
  - autorest/adal
- name: github.com/dgrijalva/jwt-go
  version: 2268707a8f0843315e2004ee4f1d021dc08baedf
- name: github.com/satori/go.uuid
  version: 5bf94b69c6b68ee1b541973bb8e1144db23a194b
testImports: []
