hash: 88aef65bb78078e85713b2a869a3af6281fa67ecf133c27d8e65ada52be8cd1f
updated: 2017-11-10T10:23:12.0875459-08:00
imports:
- name: github.com/Azure/azure-sdk-for-go
  version: 7692b0cef22674113fcf71cc17ac3ccc1a7fef48
  subpackages:
  - arm/keyvault
  - arm/resources/resources
  - profiles/latest/keyvault/mgmt/keyvault
  - profiles/latest/resources/mgmt/resources
  - services/keyvault/mgmt/2016-10-01/keyvault
  - services/resources/mgmt/2017-05-10/resources
- name: github.com/Azure/go-autorest
  version: ab5671379918d9af294b6f0e3d8aaa98c829416d
  subpackages:
  - autorest/azure
  - autorest
  - autorest/adal
  - autorest/to
  - autorest/date
  - autorest/validation
- name: github.com/dgrijalva/jwt-go
  version: 2268707a8f0843315e2004ee4f1d021dc08baedf
- name: github.com/marstr/collection
  version: e631537cb8c24c0ae72749bbf505cff6e692b6aa
- name: github.com/marstr/randname
  version: 6dd4fdb5aa401961bd04bb5d84c692ab874bd68c
- name: github.com/satori/go.uuid
  version: 5bf94b69c6b68ee1b541973bb8e1144db23a194b
testImports: []
